# THIS IS AN AUTOGENERATED FILE. DO NOT EDIT THIS FILE DIRECTLY.
# yarn lockfile v1


"@esbuild/aix-ppc64@0.21.5":
  version "0.21.5"
  resolved "https://registry.yarnpkg.com/@esbuild/aix-ppc64/-/aix-ppc64-0.21.5.tgz#c7184a326533fcdf1b8ee0733e21c713b975575f"
  integrity sha512-1SDgH6ZSPTlggy1yI6+Dbkiz8xzpHJEVAlF/AM1tHPLsf5STom9rwtjE4hKAF20FfXXNTFqEYXyJNWh1GiZedQ==

"@esbuild/android-arm64@0.21.5":
  version "0.21.5"
  resolved "https://registry.yarnpkg.com/@esbuild/android-arm64/-/android-arm64-0.21.5.tgz#09d9b4357780da9ea3a7dfb833a1f1ff439b4052"
  integrity sha512-c0uX9VAUBQ7dTDCjq+wdyGLowMdtR/GoC2U5IYk/7D1H1JYC0qseD7+11iMP2mRLN9RcCMRcjC4YMclCzGwS/A==

"@esbuild/android-arm@0.21.5":
  version "0.21.5"
  resolved "https://registry.yarnpkg.com/@esbuild/android-arm/-/android-arm-0.21.5.tgz#9b04384fb771926dfa6d7ad04324ecb2ab9b2e28"
  integrity sha512-vCPvzSjpPHEi1siZdlvAlsPxXl7WbOVUBBAowWug4rJHb68Ox8KualB+1ocNvT5fjv6wpkX6o/iEpbDrf68zcg==

"@esbuild/android-x64@0.21.5":
  version "0.21.5"
  resolved "https://registry.yarnpkg.com/@esbuild/android-x64/-/android-x64-0.21.5.tgz#29918ec2db754cedcb6c1b04de8cd6547af6461e"
  integrity sha512-D7aPRUUNHRBwHxzxRvp856rjUHRFW1SdQATKXH2hqA0kAZb1hKmi02OpYRacl0TxIGz/ZmXWlbZgjwWYaCakTA==

"@esbuild/darwin-arm64@0.21.5":
  version "0.21.5"
  resolved "https://registry.yarnpkg.com/@esbuild/darwin-arm64/-/darwin-arm64-0.21.5.tgz#e495b539660e51690f3928af50a76fb0a6ccff2a"
  integrity sha512-DwqXqZyuk5AiWWf3UfLiRDJ5EDd49zg6O9wclZ7kUMv2WRFr4HKjXp/5t8JZ11QbQfUS6/cRCKGwYhtNAY88kQ==

"@esbuild/darwin-x64@0.21.5":
  version "0.21.5"
  resolved "https://registry.yarnpkg.com/@esbuild/darwin-x64/-/darwin-x64-0.21.5.tgz#c13838fa57372839abdddc91d71542ceea2e1e22"
  integrity sha512-se/JjF8NlmKVG4kNIuyWMV/22ZaerB+qaSi5MdrXtd6R08kvs2qCN4C09miupktDitvh8jRFflwGFBQcxZRjbw==

"@esbuild/freebsd-arm64@0.21.5":
  version "0.21.5"
  resolved "https://registry.yarnpkg.com/@esbuild/freebsd-arm64/-/freebsd-arm64-0.21.5.tgz#646b989aa20bf89fd071dd5dbfad69a3542e550e"
  integrity sha512-5JcRxxRDUJLX8JXp/wcBCy3pENnCgBR9bN6JsY4OmhfUtIHe3ZW0mawA7+RDAcMLrMIZaf03NlQiX9DGyB8h4g==

"@esbuild/freebsd-x64@0.21.5":
  version "0.21.5"
  resolved "https://registry.yarnpkg.com/@esbuild/freebsd-x64/-/freebsd-x64-0.21.5.tgz#aa615cfc80af954d3458906e38ca22c18cf5c261"
  integrity sha512-J95kNBj1zkbMXtHVH29bBriQygMXqoVQOQYA+ISs0/2l3T9/kj42ow2mpqerRBxDJnmkUDCaQT/dfNXWX/ZZCQ==

"@esbuild/linux-arm64@0.21.5":
  version "0.21.5"
  resolved "https://registry.yarnpkg.com/@esbuild/linux-arm64/-/linux-arm64-0.21.5.tgz#70ac6fa14f5cb7e1f7f887bcffb680ad09922b5b"
  integrity sha512-ibKvmyYzKsBeX8d8I7MH/TMfWDXBF3db4qM6sy+7re0YXya+K1cem3on9XgdT2EQGMu4hQyZhan7TeQ8XkGp4Q==

"@esbuild/linux-arm@0.21.5":
  version "0.21.5"
  resolved "https://registry.yarnpkg.com/@esbuild/linux-arm/-/linux-arm-0.21.5.tgz#fc6fd11a8aca56c1f6f3894f2bea0479f8f626b9"
  integrity sha512-bPb5AHZtbeNGjCKVZ9UGqGwo8EUu4cLq68E95A53KlxAPRmUyYv2D6F0uUI65XisGOL1hBP5mTronbgo+0bFcA==

"@esbuild/linux-ia32@0.21.5":
  version "0.21.5"
  resolved "https://registry.yarnpkg.com/@esbuild/linux-ia32/-/linux-ia32-0.21.5.tgz#3271f53b3f93e3d093d518d1649d6d68d346ede2"
  integrity sha512-YvjXDqLRqPDl2dvRODYmmhz4rPeVKYvppfGYKSNGdyZkA01046pLWyRKKI3ax8fbJoK5QbxblURkwK/MWY18Tg==

"@esbuild/linux-loong64@0.21.5":
  version "0.21.5"
  resolved "https://registry.yarnpkg.com/@esbuild/linux-loong64/-/linux-loong64-0.21.5.tgz#ed62e04238c57026aea831c5a130b73c0f9f26df"
  integrity sha512-uHf1BmMG8qEvzdrzAqg2SIG/02+4/DHB6a9Kbya0XDvwDEKCoC8ZRWI5JJvNdUjtciBGFQ5PuBlpEOXQj+JQSg==

"@esbuild/linux-mips64el@0.21.5":
  version "0.21.5"
  resolved "https://registry.yarnpkg.com/@esbuild/linux-mips64el/-/linux-mips64el-0.21.5.tgz#e79b8eb48bf3b106fadec1ac8240fb97b4e64cbe"
  integrity sha512-IajOmO+KJK23bj52dFSNCMsz1QP1DqM6cwLUv3W1QwyxkyIWecfafnI555fvSGqEKwjMXVLokcV5ygHW5b3Jbg==

"@esbuild/linux-ppc64@0.21.5":
  version "0.21.5"
  resolved "https://registry.yarnpkg.com/@esbuild/linux-ppc64/-/linux-ppc64-0.21.5.tgz#5f2203860a143b9919d383ef7573521fb154c3e4"
  integrity sha512-1hHV/Z4OEfMwpLO8rp7CvlhBDnjsC3CttJXIhBi+5Aj5r+MBvy4egg7wCbe//hSsT+RvDAG7s81tAvpL2XAE4w==

"@esbuild/linux-riscv64@0.21.5":
  version "0.21.5"
  resolved "https://registry.yarnpkg.com/@esbuild/linux-riscv64/-/linux-riscv64-0.21.5.tgz#07bcafd99322d5af62f618cb9e6a9b7f4bb825dc"
  integrity sha512-2HdXDMd9GMgTGrPWnJzP2ALSokE/0O5HhTUvWIbD3YdjME8JwvSCnNGBnTThKGEB91OZhzrJ4qIIxk/SBmyDDA==

"@esbuild/linux-s390x@0.21.5":
  version "0.21.5"
  resolved "https://registry.yarnpkg.com/@esbuild/linux-s390x/-/linux-s390x-0.21.5.tgz#b7ccf686751d6a3e44b8627ababc8be3ef62d8de"
  integrity sha512-zus5sxzqBJD3eXxwvjN1yQkRepANgxE9lgOW2qLnmr8ikMTphkjgXu1HR01K4FJg8h1kEEDAqDcZQtbrRnB41A==

"@esbuild/linux-x64@0.21.5":
  version "0.21.5"
  resolved "https://registry.yarnpkg.com/@esbuild/linux-x64/-/linux-x64-0.21.5.tgz#6d8f0c768e070e64309af8004bb94e68ab2bb3b0"
  integrity sha512-1rYdTpyv03iycF1+BhzrzQJCdOuAOtaqHTWJZCWvijKD2N5Xu0TtVC8/+1faWqcP9iBCWOmjmhoH94dH82BxPQ==

"@esbuild/netbsd-x64@0.21.5":
  version "0.21.5"
  resolved "https://registry.yarnpkg.com/@esbuild/netbsd-x64/-/netbsd-x64-0.21.5.tgz#bbe430f60d378ecb88decb219c602667387a6047"
  integrity sha512-Woi2MXzXjMULccIwMnLciyZH4nCIMpWQAs049KEeMvOcNADVxo0UBIQPfSmxB3CWKedngg7sWZdLvLczpe0tLg==

"@esbuild/openbsd-x64@0.21.5":
  version "0.21.5"
  resolved "https://registry.yarnpkg.com/@esbuild/openbsd-x64/-/openbsd-x64-0.21.5.tgz#99d1cf2937279560d2104821f5ccce220cb2af70"
  integrity sha512-HLNNw99xsvx12lFBUwoT8EVCsSvRNDVxNpjZ7bPn947b8gJPzeHWyNVhFsaerc0n3TsbOINvRP2byTZ5LKezow==

"@esbuild/sunos-x64@0.21.5":
  version "0.21.5"
  resolved "https://registry.yarnpkg.com/@esbuild/sunos-x64/-/sunos-x64-0.21.5.tgz#08741512c10d529566baba837b4fe052c8f3487b"
  integrity sha512-6+gjmFpfy0BHU5Tpptkuh8+uw3mnrvgs+dSPQXQOv3ekbordwnzTVEb4qnIvQcYXq6gzkyTnoZ9dZG+D4garKg==

"@esbuild/win32-arm64@0.21.5":
  version "0.21.5"
  resolved "https://registry.yarnpkg.com/@esbuild/win32-arm64/-/win32-arm64-0.21.5.tgz#675b7385398411240735016144ab2e99a60fc75d"
  integrity sha512-Z0gOTd75VvXqyq7nsl93zwahcTROgqvuAcYDUr+vOv8uHhNSKROyU961kgtCD1e95IqPKSQKH7tBTslnS3tA8A==

"@esbuild/win32-ia32@0.21.5":
  version "0.21.5"
  resolved "https://registry.yarnpkg.com/@esbuild/win32-ia32/-/win32-ia32-0.21.5.tgz#1bfc3ce98aa6ca9a0969e4d2af72144c59c1193b"
  integrity sha512-SWXFF1CL2RVNMaVs+BBClwtfZSvDgtL//G/smwAc5oVK/UPu2Gu9tIaRgFmYFFKrmg3SyAjSrElf0TiJ1v8fYA==

"@esbuild/win32-x64@0.21.5":
  version "0.21.5"
  resolved "https://registry.yarnpkg.com/@esbuild/win32-x64/-/win32-x64-0.21.5.tgz#acad351d582d157bb145535db2a6ff53dd514b5c"
  integrity sha512-tQd/1efJuzPC6rCFwEvLtci/xNFcTZknmXs98FYDfGE4wP9ClFV98nyKrzJKVPMhdDnjzLhdUyMX4PsQAPjwIw==

"@rollup/rollup-android-arm-eabi@4.60.4":
  version "4.60.4"
  resolved "https://registry.yarnpkg.com/@rollup/rollup-android-arm-eabi/-/rollup-android-arm-eabi-4.60.4.tgz#3a04f01e9f01392bbef5920b94aa3b88794be7ab"
  integrity sha512-F5QXMSiFebS9hKZj02XhWLLnRpJ3B3AROP0tWbFBSj+6kCbg5m9j5JoHKd4mmSVy5mS/IMQloYgYxCuJC0fxEQ==

"@rollup/rollup-android-arm64@4.60.4":
  version "4.60.4"
  resolved "https://registry.yarnpkg.com/@rollup/rollup-android-arm64/-/rollup-android-arm64-4.60.4.tgz#e371b653ceabc900790ae73f5548a0fd7cd63a70"
  integrity sha512-GxxTKApUpzRhof7poWvCJHRF51C67u1R7D6DiluBE8wKU1u5GWE8t+v81JvJYtbawoBFX1hLv5Ei4eVjkWokaw==

"@rollup/rollup-darwin-arm64@4.60.4":
  version "4.60.4"
  resolved "https://registry.yarnpkg.com/@rollup/rollup-darwin-arm64/-/rollup-darwin-arm64-4.60.4.tgz#2a5aa70432e39816d666d79287a7324cfc3b4e72"
  integrity sha512-tua0TaJxMOB1R0V0RS1jFZ/RpURFDJIOR2A6jWwQeawuFyS4gBW+rntLRaQd0EQ4bd6Vp44Z2rXW+YYDBsj6IA==

"@rollup/rollup-darwin-x64@4.60.4":
  version "4.60.4"
  resolved "https://registry.yarnpkg.com/@rollup/rollup-darwin-x64/-/rollup-darwin-x64-4.60.4.tgz#c3b5b49629379cd9cdc5d841bf00ed44ebf393dd"
  integrity sha512-CSKq7MsP+5PFIcydhAiR1K0UhEI1A2jWXVKHPCBZ151yOutENwvnPocgVHkivu2kviURtCEB6zUQw0vs8RrhMg==

"@rollup/rollup-freebsd-arm64@4.60.4":
  version "4.60.4"
  resolved "https://registry.yarnpkg.com/@rollup/rollup-freebsd-arm64/-/rollup-freebsd-arm64-4.60.4.tgz#f929d8e0462fae6602fc960beeabd7287d859283"
  integrity sha512-+O8OkVdyvXMtJEciu2wS/pzm1IxntEEQx3z5TAVy4l32G0etZn+RsA48ARRrFm6Ri8fvqPQfgrvNxSjKAbnd3g==

"@rollup/rollup-freebsd-x64@4.60.4":
  version "4.60.4"
  resolved "https://registry.yarnpkg.com/@rollup/rollup-freebsd-x64/-/rollup-freebsd-x64-4.60.4.tgz#c01cb58031226f95d0900b1ec847f4fb32c6e809"
  integrity sha512-Iw3oMskH3AfNuhU0MSN7vNbdi4me/NiYo2azqPz/Le16zHSa+3RRmliCMWWQmh4lcndccU40xcJuTYJZxNo/lw==

"@rollup/rollup-linux-arm-gnueabihf@4.60.4":
  version "4.60.4"
  resolved "https://registry.yarnpkg.com/@rollup/rollup-linux-arm-gnueabihf/-/rollup-linux-arm-gnueabihf-4.60.4.tgz#f29d890c4858c8e0d3be01677eef4f6a359eed9d"
  integrity sha512-EIPRXTVQpHyF8WOo219AD2yEltPehLTcTMz2fn6JsatLYSzQf00hj3rulF+yauOlF9/FtM2WpkT/hJh/KJFGhA==

"@rollup/rollup-linux-arm-musleabihf@4.60.4":
  version "4.60.4"
  resolved "https://registry.yarnpkg.com/@rollup/rollup-linux-arm-musleabihf/-/rollup-linux-arm-musleabihf-4.60.4.tgz#1ebfc8eb9f66136ed2faae5f44995add5ca3c964"
  integrity sha512-J3Yh9PzzF1Ovah2At+lHiGQdsYgArxBbXv/zHfSyaiFQEqvNv7DcW98pCrmdjCZBrqBiKrKKe2V+aaSGWuBe/w==

"@rollup/rollup-linux-arm64-gnu@4.60.4":
  version "4.60.4"
  resolved "https://registry.yarnpkg.com/@rollup/rollup-linux-arm64-gnu/-/rollup-linux-arm64-gnu-4.60.4.tgz#c1fa823c2c4ce46ba7f61de1a4c3fdadd4fb4e7b"
  integrity sha512-BFDEZMYfUvLn37ONE1yMBojPxnMlTFsdyNoqncT0qFq1mAfllL+ATMMJd8TeuVMiX84s1KbcxcZbXInmcO2mRg==

"@rollup/rollup-linux-arm64-musl@4.60.4":
  version "4.60.4"
  resolved "https://registry.yarnpkg.com/@rollup/rollup-linux-arm64-musl/-/rollup-linux-arm64-musl-4.60.4.tgz#a7f18854d0471b78bda8ea38f0891a4e059b571d"
  integrity sha512-pc9EYOSlOgdQ2uPl1o9PF6/kLSgaUosia7gOuS8mB69IxJvlclko1MECXysjs5ryez1/5zjYqx3+xYU0TU6R1A==

"@rollup/rollup-linux-loong64-gnu@4.60.4":
  version "4.60.4"
  resolved "https://registry.yarnpkg.com/@rollup/rollup-linux-loong64-gnu/-/rollup-linux-loong64-gnu-4.60.4.tgz#83658a9a4576bcce8cef85b2c78b9b649d2200c4"
  integrity sha512-NxnomyxYerDh5n4iLrNa+sH+Z+U4BMEE46V2PgQ/hoB909i8gV1M5wPojWg9fk1jWpO3IQnOs20K4wyZuFLEFQ==

"@rollup/rollup-linux-loong64-musl@4.60.4":
  version "4.60.4"
  resolved "https://registry.yarnpkg.com/@rollup/rollup-linux-loong64-musl/-/rollup-linux-loong64-musl-4.60.4.tgz#fd2af677ae3417bb58d57ae37dd0d84686e40244"
  integrity sha512-nbJnQ8a3z1mtmrwImCYhc6BGpThAyYVRQxw9uKSKG4wR6aAYno9sVjJ0zaZcW9BPJX1GbrDPf+SvdWjgTuDmnw==

"@rollup/rollup-linux-ppc64-gnu@4.60.4":
  version "4.60.4"
  resolved "https://registry.yarnpkg.com/@rollup/rollup-linux-ppc64-gnu/-/rollup-linux-ppc64-gnu-4.60.4.tgz#6481647181c4cf8f1ddbd99f62c84cfc56c1a94a"
  integrity sha512-2EU6acNrQLd8tYvo/LXW535wupT3m6fo7HKo6lr7ktQoItxTyOL1ZCR/GfGCuXl2vR+zmfI6eRXkSemafv+iVg==

"@rollup/rollup-linux-ppc64-musl@4.60.4":
  version "4.60.4"
  resolved "https://registry.yarnpkg.com/@rollup/rollup-linux-ppc64-musl/-/rollup-linux-ppc64-musl-4.60.4.tgz#18610a1a1550e28a5042ca916f898419540f17f4"
  integrity sha512-WeBtoMuaMxiiIrO2IYP3xs6GMWkJP2C0EoT8beTLkUPmzV1i/UcOSVw1d5r9KBODtHKilG5yFxsGRnBbK3wJ4A==

"@rollup/rollup-linux-riscv64-gnu@4.60.4":
  version "4.60.4"
  resolved "https://registry.yarnpkg.com/@rollup/rollup-linux-riscv64-gnu/-/rollup-linux-riscv64-gnu-4.60.4.tgz#597bb80465a2621dbe0de0a41c66394a8a7e9a6e"
  integrity sha512-FJHFfqpKUI3A10WrWKiFbBZ7yVbGT4q4B5o1qKFFojqpaYoh9LrQgqWCmmcxQzVSXYtyB5bzkXrYzlHTs21MYA==

"@rollup/rollup-linux-riscv64-musl@4.60.4":
  version "4.60.4"
  resolved "https://registry.yarnpkg.com/@rollup/rollup-linux-riscv64-musl/-/rollup-linux-riscv64-musl-4.60.4.tgz#a2a919a9f927ef7f24a60af77e3cb55f1ad59e4d"
  integrity sha512-mcEl6CUT5IAUmQf1m9FYSmVqCJlpQ8r8eyftFUHG8i9OhY7BkBXSUdnLH5DOf0wCOjcP9v/QO93zpmF1SptCCw==

"@rollup/rollup-linux-s390x-gnu@4.60.4":
  version "4.60.4"
  resolved "https://registry.yarnpkg.com/@rollup/rollup-linux-s390x-gnu/-/rollup-linux-s390x-gnu-4.60.4.tgz#3166f6ceae7df9bbfddf9f36be1937231e13e3c6"
  integrity sha512-ynt3JxVd2w2buzoKDWIyiV1pJW93xlQic1THVLXilz429oijRpSHivZAgp65KBu+cMcgf1eVVjdnTLvPxgCuoQ==

"@rollup/rollup-linux-x64-gnu@4.60.4":
  version "4.60.4"
  resolved "https://registry.yarnpkg.com/@rollup/rollup-linux-x64-gnu/-/rollup-linux-x64-gnu-4.60.4.tgz#23c9bf79771d804fb87415eb0767569f273261e5"
  integrity sha512-Boiz5+MsaROEWDf+GGEwF8VMHGhlUoQMtIPjOgA5fv4osupqTVnJteQNKJwUcnUog2G55jYXH7KZFFiJe0TEzQ==

"@rollup/rollup-linux-x64-musl@4.60.4":
  version "4.60.4"
  resolved "https://registry.yarnpkg.com/@rollup/rollup-linux-x64-musl/-/rollup-linux-x64-musl-4.60.4.tgz#97941c6b94d67fe25cde0f027c10a19f2d1fdd39"
  integrity sha512-+qfSY27qIrFfI/Hom04KYFw3GKZSGU4lXus51wsb5EuySfFlWRwjkKWoE9emgRw/ukoT4Udsj4W/+xxG8VbPKg==

"@rollup/rollup-openbsd-x64@4.60.4":
  version "4.60.4"
  resolved "https://registry.yarnpkg.com/@rollup/rollup-openbsd-x64/-/rollup-openbsd-x64-4.60.4.tgz#7aeb7d92e2cd1d399f56daf75c39040b777b6c77"
  integrity sha512-VpTfOPHgVXEBeeR8hZ2O0F3aSso+JDWqTWmTmzcQKted54IAdUVbxE+j/MVxUsKa8L20HJhv3vUezVPoquqWjA==

"@rollup/rollup-openharmony-arm64@4.60.4":
  version "4.60.4"
  resolved "https://registry.yarnpkg.com/@rollup/rollup-openharmony-arm64/-/rollup-openharmony-arm64-4.60.4.tgz#925de61ae83bf99aa636e8acea87432e8c0ffaab"
  integrity sha512-IPOsh5aRYuLv/nkU51X10Bf75Bsf6+gZdx1X+QP5QM6lIJFHHqbHLG0uJn/hWthzo13UAc2umiUorqZy3axoZg==

"@rollup/rollup-win32-arm64-msvc@4.60.4":
  version "4.60.4"
  resolved "https://registry.yarnpkg.com/@rollup/rollup-win32-arm64-msvc/-/rollup-win32-arm64-msvc-4.60.4.tgz#888ab83842721491044c46a7407e1f38f3235bb4"
  integrity sha512-4QzE9E81OohJ/HKzHhsqU+zcYYojVOXlFMs1DdyMT6qXl/niOH7AVElmmEdUNHHS/oRkc++d5k6Vy85zFs0DEw==

"@rollup/rollup-win32-ia32-msvc@4.60.4":
  version "4.60.4"
  resolved "https://registry.yarnpkg.com/@rollup/rollup-win32-ia32-msvc/-/rollup-win32-ia32-msvc-4.60.4.tgz#fa30ac24e3f0232139d2a47500560a28695764d4"
  integrity sha512-zTPgT1YuHHcd+Tmx7h8aml0FWFVelV5N54oHow9SLj+GfoDy/huQ+UV396N/C7KpMDMiPspRktzM1/0r1usYEA==

"@rollup/rollup-win32-x64-gnu@4.60.4":
  version "4.60.4"
  resolved "https://registry.yarnpkg.com/@rollup/rollup-win32-x64-gnu/-/rollup-win32-x64-gnu-4.60.4.tgz#223e2bc93f86e0707568e1fadb5b537e50c976c7"
  integrity sha512-DRS4G7mi9lJxqEDezIkKCaUIKCrLUUDCUaCsTPCi/rtqaC6D/jjwslMQyiDU50Ka0JKpeXeRBFBAXwArY52vBw==

"@rollup/rollup-win32-x64-msvc@4.60.4":
  version "4.60.4"
  resolved "https://registry.yarnpkg.com/@rollup/rollup-win32-x64-msvc/-/rollup-win32-x64-msvc-4.60.4.tgz#da4f1676d87e2bdf744291b504b0ab79550c3e61"
  integrity sha512-QVTUovf40zgTqlFVrKA1uXMVvU2QWEFWfAH8Wdc48IxLvrJMQVMBRjuQyUpzZCDkakImib9eVazbWlC6ksWtJw==

"@types/estree@1.0.8":
  version "1.0.8"
  resolved "https://registry.yarnpkg.com/@types/estree/-/estree-1.0.8.tgz#958b91c991b1867ced318bedea0e215ee050726e"
  integrity sha512-dWHzHa2WqEXI/O1E9OjrocMTKJl2mSrEolh1Iomrv6U+JuNwaHXsXx9bLu5gG7BUWFIN0skIQJQ/L1rIex4X6w==

esbuild@^0.21.3:
  version "0.21.5"
  resolved "https://registry.yarnpkg.com/esbuild/-/esbuild-0.21.5.tgz#9ca301b120922959b766360d8ac830da0d02997d"
  integrity sha512-mg3OPMV4hXywwpoDxu3Qda5xCKQi+vCTZq8S9J/EpkhB2HzKXq4SNFZE3+NK93JYxc8VMSep+lOUSC/RVKaBqw==
  optionalDependencies:
    "@esbuild/aix-ppc64" "0.21.5"
    "@esbuild/android-arm" "0.21.5"
    "@esbuild/android-arm64" "0.21.5"
    "@esbuild/android-x64" "0.21.5"
    "@esbuild/darwin-arm64" "0.21.5"
    "@esbuild/darwin-x64" "0.21.5"
    "@esbuild/freebsd-arm64" "0.21.5"
    "@esbuild/freebsd-x64" "0.21.5"
    "@esbuild/linux-arm" "0.21.5"
    "@esbuild/linux-arm64" "0.21.5"
    "@esbuild/linux-ia32" "0.21.5"
    "@esbuild/linux-loong64" "0.21.5"
    "@esbuild/linux-mips64el" "0.21.5"
    "@esbuild/linux-ppc64" "0.21.5"
    "@esbuild/linux-riscv64" "0.21.5"
    "@esbuild/linux-s390x" "0.21.5"
    "@esbuild/linux-x64" "0.21.5"
    "@esbuild/netbsd-x64" "0.21.5"
    "@esbuild/openbsd-x64" "0.21.5"
    "@esbuild/sunos-x64" "0.21.5"
    "@esbuild/win32-arm64" "0.21.5"
    "@esbuild/win32-ia32" "0.21.5"
    "@esbuild/win32-x64" "0.21.5"

fsevents@~2.3.2, fsevents@~2.3.3:
  version "2.3.3"
  resolved "https://registry.yarnpkg.com/fsevents/-/fsevents-2.3.3.tgz#cac6407785d03675a2a5e1a5305c697b347d90d6"
  integrity sha512-5xoDfX+fL7faATnagmWPpbFtwh/R77WmMMqqHGS65C3vvB0YHrgF+B1YmZ3441tMj5n63k0212XNoJwzlhffQw==

nanoid@^3.3.11:
  version "3.3.12"
  resolved "https://registry.yarnpkg.com/nanoid/-/nanoid-3.3.12.tgz#ab3d912e217a6d0a514f00a72a16543a28982c05"
  integrity sha512-ZB9RH/39qpq5Vu6Y+NmUaFhQR6pp+M2Xt76XBnEwDaGcVAqhlvxrl3B2bKS5D3NH3QR76v3aSrKaF/Kiy7lEtQ==

picocolors@^1.1.1:
  version "1.1.1"
  resolved "https://registry.yarnpkg.com/picocolors/-/picocolors-1.1.1.tgz#3d321af3eab939b083c8f929a1d12cda81c26b6b"
  integrity sha512-xceH2snhtb5M9liqDsmEw56le376mTZkEX/jEb/RxNFyegNul7eNslCXP9FDj/Lcu0X8KEyMceP2ntpaHrDEVA==

postcss@^8.4.43:
  version "8.5.14"
  resolved "https://registry.yarnpkg.com/postcss/-/postcss-8.5.14.tgz#a66c2d7808fadf69ebb5b84a03f8bafd76c4919c"
  integrity sha512-SoSL4+OSEtR99LHFZQiJLkT59C5B1amGO1NzTwj7TT1qCUgUO6hxOvzkOYxD+vMrXBM3XJIKzokoERdqQq/Zmg==
  dependencies:
    nanoid "^3.3.11"
    picocolors "^1.1.1"
    source-map-js "^1.2.1"

rollup@^4.20.0:
  version "4.60.4"
  resolved "https://registry.yarnpkg.com/rollup/-/rollup-4.60.4.tgz#ca3814f5900da3ac3981d2e0c61944b7e6e0cb09"
  integrity sha512-WHeFSbZYsPu3+bLoNRUuAO+wavNlocOPf3wSHTP7hcFKVnJeWsYlCDbr3mTS14FCizf9ccIxXA8sGL8zKeQN3g==
  dependencies:
    "@types/estree" "1.0.8"
  optionalDependencies:
    "@rollup/rollup-android-arm-eabi" "4.60.4"
    "@rollup/rollup-android-arm64" "4.60.4"
    "@rollup/rollup-darwin-arm64" "4.60.4"
    "@rollup/rollup-darwin-x64" "4.60.4"
    "@rollup/rollup-freebsd-arm64" "4.60.4"
    "@rollup/rollup-freebsd-x64" "4.60.4"
    "@rollup/rollup-linux-arm-gnueabihf" "4.60.4"
    "@rollup/rollup-linux-arm-musleabihf" "4.60.4"
    "@rollup/rollup-linux-arm64-gnu" "4.60.4"
    "@rollup/rollup-linux-arm64-musl" "4.60.4"
    "@rollup/rollup-linux-loong64-gnu" "4.60.4"
    "@rollup/rollup-linux-loong64-musl" "4.60.4"
    "@rollup/rollup-linux-ppc64-gnu" "4.60.4"
    "@rollup/rollup-linux-ppc64-musl" "4.60.4"
    "@rollup/rollup-linux-riscv64-gnu" "4.60.4"
    "@rollup/rollup-linux-riscv64-musl" "4.60.4"
    "@rollup/rollup-linux-s390x-gnu" "4.60.4"
    "@rollup/rollup-linux-x64-gnu" "4.60.4"
    "@rollup/rollup-linux-x64-musl" "4.60.4"
    "@rollup/rollup-openbsd-x64" "4.60.4"
    "@rollup/rollup-openharmony-arm64" "4.60.4"
    "@rollup/rollup-win32-arm64-msvc" "4.60.4"
    "@rollup/rollup-win32-ia32-msvc" "4.60.4"
    "@rollup/rollup-win32-x64-gnu" "4.60.4"
    "@rollup/rollup-win32-x64-msvc" "4.60.4"
    fsevents "~2.3.2"

source-map-js@^1.2.1:
  version "1.2.1"
  resolved "https://registry.yarnpkg.com/source-map-js/-/source-map-js-1.2.1.tgz#1ce5650fddd87abc099eda37dcff024c2667ae46"
  integrity sha512-UXWMKhLOwVKb728IUtQPXxfYU+usdybtUrK/8uGE8CQMvrhOpwvzDBwj0QhSL7MQc7vIsISBG8VQ8+IDQxpfQA==

vite@^5.4.0:
  version "5.4.21"
  resolved "https://registry.yarnpkg.com/vite/-/vite-5.4.21.tgz#84a4f7c5d860b071676d39ba513c0d598fdc7027"
  integrity sha512-o5a9xKjbtuhY6Bi5S3+HvbRERmouabWbyUcpXXUA1u+GNUKoROi9byOJ8M0nHbHYHkYICiMlqxkg1KkYmm25Sw==
  dependencies:
    esbuild "^0.21.3"
    postcss "^8.4.43"
    rollup "^4.20.0"
  optionalDependencies:
    fsevents "~2.3.3"
